
Microsoft Visual Studio Solution File, Format Version 12.00
# Visual Studio 14
VisualStudioVersion = 14.0.25123.0
MinimumVisualStudioVersion = 10.0.40219.1
Project("{FAE04EC0-301F-11D3-BF4B-00C04F79EFBC}") = "Solve", "Solve.csproj", "{9A044ED6-7585-4137-A17D-6A5571D4DCAF}"
EndProject
Project("{FAE04EC0-301F-11D3-BF4B-00C04F79EFBC}") = "Evaluation Framework", "Evaluation Framework\Evaluation Framework.csproj", "{20A11EF3-81AF-446D-B181-BDDF4E4F4297}"
EndProject
Project("{FAE04EC0-301F-11D3-BF4B-00C04F79EFBC}") = "Open", "Open\Open.csproj", "{E38AB7EE-9E15-48DC-BEEB-8BEBF2379D09}"
EndProject
Project("{FAE04EC0-301F-11D3-BF4B-00C04F79EFBC}") = "Eater", "Problems\Eater\Eater.csproj", "{60F677FC-B3F1-4653-8B3B-8EBB4A70FF97}"
EndProject
Project("{2150E333-8FDC-42A3-9474-1A3956D46DE8}") = "Problems", "Problems", "{5B3CE6AB-5185-4861-B203-074032156D9D}"
EndProject
Project("{FAE04EC0-301F-11D3-BF4B-00C04F79EFBC}") = "EaterConsole", "Problems\EaterConsole\EaterConsole.csproj", "{F84ED5A9-5E23-4FB1-8344-0E7B908CB49B}"
EndProject
Global
	GlobalSection(SolutionConfigurationPlatforms) = preSolution
		Debug|Any CPU = Debug|Any CPU
		Release|Any CPU = Release|Any CPU
	EndGlobalSection
	GlobalSection(ProjectConfigurationPlatforms) = postSolution
		{9A044ED6-7585-4137-A17D-6A5571D4DCAF}.Debug|Any CPU.ActiveCfg = Debug|Any CPU
		{9A044ED6-7585-4137-A17D-6A5571D4DCAF}.Debug|Any CPU.Build.0 = Debug|Any CPU
		{9A044ED6-7585-4137-A17D-6A5571D4DCAF}.Release|Any CPU.ActiveCfg = Release|Any CPU
		{9A044ED6-7585-4137-A17D-6A5571D4DCAF}.Release|Any CPU.Build.0 = Release|Any CPU
		{20A11EF3-81AF-446D-B181-BDDF4E4F4297}.Debug|Any CPU.ActiveCfg = Debug|Any CPU
		{20A11EF3-81AF-446D-B181-BDDF4E4F4297}.Debug|Any CPU.Build.0 = Debug|Any CPU
		{20A11EF3-81AF-446D-B181-BDDF4E4F4297}.Release|Any CPU.ActiveCfg = Release|Any CPU
		{20A11EF3-81AF-446D-B181-BDDF4E4F4297}.Release|Any CPU.Build.0 = Release|Any CPU
		{E38AB7EE-9E15-48DC-BEEB-8BEBF2379D09}.Debug|Any CPU.ActiveCfg = Debug|Any CPU
		{E38AB7EE-9E15-48DC-BEEB-8BEBF2379D09}.Debug|Any CPU.Build.0 = Debug|Any CPU
		{E38AB7EE-9E15-48DC-BEEB-8BEBF2379D09}.Release|Any CPU.ActiveCfg = Release|Any CPU
		{E38AB7EE-9E15-48DC-BEEB-8BEBF2379D09}.Release|Any CPU.Build.0 = Release|Any CPU
		{60F677FC-B3F1-4653-8B3B-8EBB4A70FF97}.Debug|Any CPU.ActiveCfg = Debug|Any CPU
		{60F677FC-B3F1-4653-8B3B-8EBB4A70FF97}.Debug|Any CPU.Build.0 = Debug|Any CPU
		{60F677FC-B3F1-4653-8B3B-8EBB4A70FF97}.Release|Any CPU.ActiveCfg = Release|Any CPU
		{60F677FC-B3F1-4653-8B3B-8EBB4A70FF97}.Release|Any CPU.Build.0 = Release|Any CPU
		{F84ED5A9-5E23-4FB1-8344-0E7B908CB49B}.Debug|Any CPU.ActiveCfg = Debug|Any CPU
		{F84ED5A9-5E23-4FB1-8344-0E7B908CB49B}.Debug|Any CPU.Build.0 = Debug|Any CPU
		{F84ED5A9-5E23-4FB1-8344-0E7B908CB49B}.Release|Any CPU.ActiveCfg = Release|Any CPU
		{F84ED5A9-5E23-4FB1-8344-0E7B908CB49B}.Release|Any CPU.Build.0 = Release|Any CPU
	EndGlobalSection
	GlobalSection(SolutionProperties) = preSolution
		HideSolutionNode = FALSE
	EndGlobalSection
	GlobalSection(NestedProjects) = preSolution
		{60F677FC-B3F1-4653-8B3B-8EBB4A70FF97} = {5B3CE6AB-5185-4861-B203-074032156D9D}
		{F84ED5A9-5E23-4FB1-8344-0E7B908CB49B} = {5B3CE6AB-5185-4861-B203-074032156D9D}
	EndGlobalSection
EndGlobal
